
Microsoft Visual Studio Solution File, Format Version 12.00
# Visual Studio Version 17
VisualStudioVersion = 17.4.33213.308
MinimumVisualStudioVersion = 10.0.40219.1
Project("{FAE04EC0-301F-11D3-BF4B-00C04F79EFBC}") = "WPF_2023.02.21 - Nepesseg feladat", "WPF_2023.02.21 - Nepesseg feladat\WPF_2023.02.21 - Nepesseg feladat.csproj", "{F5FA845F-2E6D-4824-A0A7-17E1828241BC}"
EndProject
Global
	GlobalSection(SolutionConfigurationPlatforms) = preSolution
		Debug|Any CPU = Debug|Any CPU
		Release|Any CPU = Release|Any CPU
	EndGlobalSection
	GlobalSection(ProjectConfigurationPlatforms) = postSolution
		{F5FA845F-2E6D-4824-A0A7-17E1828241BC}.Debug|Any CPU.ActiveCfg = Debug|Any CPU
		{F5FA845F-2E6D-4824-A0A7-17E1828241BC}.Debug|Any CPU.Build.0 = Debug|Any CPU
		{F5FA845F-2E6D-4824-A0A7-17E1828241BC}.Release|Any CPU.ActiveCfg = Release|Any CPU
		{F5FA845F-2E6D-4824-A0A7-17E1828241BC}.Release|Any CPU.Build.0 = Release|Any CPU
	EndGlobalSection
	GlobalSection(SolutionProperties) = preSolution
		HideSolutionNode = FALSE
	EndGlobalSection
	GlobalSection(ExtensibilityGlobals) = postSolution
		SolutionGuid = {532155B0-60D3-4EF7-8C07-E8E0E17E1D95}
	EndGlobalSection
EndGlobal
